
Microsoft Visual Studio Solution File, Format Version 12.00
# Visual Studio Version 17
VisualStudioVersion = 17.14.36811.4
MinimumVisualStudioVersion = 10.0.40219.1
Project("{FAE04EC0-301F-11D3-BF4B-00C04F79EFBC}") = "Banking", "Banking\Banking.csproj", "{85A3966A-2D75-4C4C-B80C-D820A16BFD00}"
EndProject
Project("{FAE04EC0-301F-11D3-BF4B-00C04F79EFBC}") = "Banking.Dal", "Banking.Dal\Banking.Dal.csproj", "{20C118B9-619E-435F-9478-E72ED05C92F1}"
EndProject
Project("{FAE04EC0-301F-11D3-BF4B-00C04F79EFBC}") = "Banking.Domain", "Banking.Domain\Banking.Domain.csproj", "{84F71FEC-3F0F-4544-8D40-34CDFB0C900B}"
EndProject
Global
	GlobalSection(SolutionConfigurationPlatforms) = preSolution
		Debug|Any CPU = Debug|Any CPU
		Release|Any CPU = Release|Any CPU
	EndGlobalSection
	GlobalSection(ProjectConfigurationPlatforms) = postSolution
		{85A3966A-2D75-4C4C-B80C-D820A16BFD00}.Debug|Any CPU.ActiveCfg = Debug|Any CPU
		{85A3966A-2D75-4C4C-B80C-D820A16BFD00}.Debug|Any CPU.Build.0 = Debug|Any CPU
		{85A3966A-2D75-4C4C-B80C-D820A16BFD00}.Release|Any CPU.ActiveCfg = Release|Any CPU
		{85A3966A-2D75-4C4C-B80C-D820A16BFD00}.Release|Any CPU.Build.0 = Release|Any CPU
		{20C118B9-619E-435F-9478-E72ED05C92F1}.Debug|Any CPU.ActiveCfg = Debug|Any CPU
		{20C118B9-619E-435F-9478-E72ED05C92F1}.Debug|Any CPU.Build.0 = Debug|Any CPU
		{20C118B9-619E-435F-9478-E72ED05C92F1}.Release|Any CPU.ActiveCfg = Release|Any CPU
		{20C118B9-619E-435F-9478-E72ED05C92F1}.Release|Any CPU.Build.0 = Release|Any CPU
		{84F71FEC-3F0F-4544-8D40-34CDFB0C900B}.Debug|Any CPU.ActiveCfg = Debug|Any CPU
		{84F71FEC-3F0F-4544-8D40-34CDFB0C900B}.Debug|Any CPU.Build.0 = Debug|Any CPU
		{84F71FEC-3F0F-4544-8D40-34CDFB0C900B}.Release|Any CPU.ActiveCfg = Release|Any CPU
		{84F71FEC-3F0F-4544-8D40-34CDFB0C900B}.Release|Any CPU.Build.0 = Release|Any CPU
	EndGlobalSection
	GlobalSection(SolutionProperties) = preSolution
		HideSolutionNode = FALSE
	EndGlobalSection
	GlobalSection(ExtensibilityGlobals) = postSolution
		SolutionGuid = {C4F8C366-5B87-46AF-BB51-59115C9088C0}
	EndGlobalSection
EndGlobal
